
Microsoft Visual Studio Solution File, Format Version 12.00
# Visual Studio Version 17
VisualStudioVersion = 17.14.36414.22 d17.14
MinimumVisualStudioVersion = 10.0.40219.1
Project("{FAE04EC0-301F-11D3-BF4B-00C04F79EFBC}") = "Task1", "Task1\Task1.csproj", "{50E20BB3-324A-4CB2-838C-913937C8A152}"
EndProject
Global
	GlobalSection(SolutionConfigurationPlatforms) = preSolution
		Debug|Any CPU = Debug|Any CPU
		Release|Any CPU = Release|Any CPU
	EndGlobalSection
	GlobalSection(ProjectConfigurationPlatforms) = postSolution
		{50E20BB3-324A-4CB2-838C-913937C8A152}.Debug|Any CPU.ActiveCfg = Debug|Any CPU
		{50E20BB3-324A-4CB2-838C-913937C8A152}.Debug|Any CPU.Build.0 = Debug|Any CPU
		{50E20BB3-324A-4CB2-838C-913937C8A152}.Release|Any CPU.ActiveCfg = Release|Any CPU
		{50E20BB3-324A-4CB2-838C-913937C8A152}.Release|Any CPU.Build.0 = Release|Any CPU
	EndGlobalSection
	GlobalSection(SolutionProperties) = preSolution
		HideSolutionNode = FALSE
	EndGlobalSection
	GlobalSection(ExtensibilityGlobals) = postSolution
		SolutionGuid = {564E9E9C-94EC-49DF-A562-B245CAD72B76}
	EndGlobalSection
EndGlobal
